
Microsoft Visual Studio Solution File, Format Version 12.00
Project("{FAE04EC0-301F-11D3-BF4B-00C04F79EFBC}") = "BookShop", "BookShop\BookShop.csproj", "{5A1A1127-D052-47E9-A893-358964741468}"
EndProject
Project("{FAE04EC0-301F-11D3-BF4B-00C04F79EFBC}") = "BookShop.Tests", "BookShop.Tests\BookShop.Tests.csproj", "{65C56163-A9ED-469B-9F88-E88B635899B2}"
EndProject
Global
	GlobalSection(SolutionConfigurationPlatforms) = preSolution
		Debug|Any CPU = Debug|Any CPU
		Release|Any CPU = Release|Any CPU
	EndGlobalSection
	GlobalSection(ProjectConfigurationPlatforms) = postSolution
		{5A1A1127-D052-47E9-A893-358964741468}.Debug|Any CPU.ActiveCfg = Debug|Any CPU
		{5A1A1127-D052-47E9-A893-358964741468}.Debug|Any CPU.Build.0 = Debug|Any CPU
		{5A1A1127-D052-47E9-A893-358964741468}.Release|Any CPU.ActiveCfg = Release|Any CPU
		{5A1A1127-D052-47E9-A893-358964741468}.Release|Any CPU.Build.0 = Release|Any CPU
		{65C56163-A9ED-469B-9F88-E88B635899B2}.Debug|Any CPU.ActiveCfg = Debug|Any CPU
		{65C56163-A9ED-469B-9F88-E88B635899B2}.Debug|Any CPU.Build.0 = Debug|Any CPU
		{65C56163-A9ED-469B-9F88-E88B635899B2}.Release|Any CPU.ActiveCfg = Release|Any CPU
		{65C56163-A9ED-469B-9F88-E88B635899B2}.Release|Any CPU.Build.0 = Release|Any CPU
	EndGlobalSection
EndGlobal
